
Microsoft Visual Studio Solution File, Format Version 12.00
# Visual Studio for Mac
Project("{FAE04EC0-301F-11D3-BF4B-00C04F79EFBC}") = "Ink-Runtime", "Ink-Runtime.csproj", "{211E4C68-2B47-8F98-0CFF-A7B8C1A3E946}"
EndProject
Project("{FAE04EC0-301F-11D3-BF4B-00C04F79EFBC}") = "Assembly-CSharp-firstpass", "Assembly-CSharp-firstpass.csproj", "{5E71CA06-CDC4-BAC3-770E-ED5CB37AF654}"
EndProject
Project("{FAE04EC0-301F-11D3-BF4B-00C04F79EFBC}") = "Assembly-CSharp-Editor-firstpass", "Assembly-CSharp-Editor-firstpass.csproj", "{52C35C9E-6765-7515-CFD0-E6AB11BC3414}"
EndProject
Global
	GlobalSection(SolutionConfigurationPlatforms) = preSolution
		Debug|Any CPU = Debug|Any CPU
		Release|Any CPU = Release|Any CPU
	EndGlobalSection
	GlobalSection(ProjectConfigurationPlatforms) = postSolution
		{211E4C68-2B47-8F98-0CFF-A7B8C1A3E946}.Debug|Any CPU.ActiveCfg = Debug|Any CPU
		{211E4C68-2B47-8F98-0CFF-A7B8C1A3E946}.Debug|Any CPU.Build.0 = Debug|Any CPU
		{211E4C68-2B47-8F98-0CFF-A7B8C1A3E946}.Release|Any CPU.ActiveCfg = Release|Any CPU
		{211E4C68-2B47-8F98-0CFF-A7B8C1A3E946}.Release|Any CPU.Build.0 = Release|Any CPU
		{5E71CA06-CDC4-BAC3-770E-ED5CB37AF654}.Debug|Any CPU.ActiveCfg = Debug|Any CPU
		{5E71CA06-CDC4-BAC3-770E-ED5CB37AF654}.Debug|Any CPU.Build.0 = Debug|Any CPU
		{5E71CA06-CDC4-BAC3-770E-ED5CB37AF654}.Release|Any CPU.ActiveCfg = Release|Any CPU
		{5E71CA06-CDC4-BAC3-770E-ED5CB37AF654}.Release|Any CPU.Build.0 = Release|Any CPU
		{52C35C9E-6765-7515-CFD0-E6AB11BC3414}.Debug|Any CPU.ActiveCfg = Debug|Any CPU
		{52C35C9E-6765-7515-CFD0-E6AB11BC3414}.Debug|Any CPU.Build.0 = Debug|Any CPU
		{52C35C9E-6765-7515-CFD0-E6AB11BC3414}.Release|Any CPU.ActiveCfg = Release|Any CPU
		{52C35C9E-6765-7515-CFD0-E6AB11BC3414}.Release|Any CPU.Build.0 = Release|Any CPU
	EndGlobalSection
	GlobalSection(SolutionProperties) = preSolution
		HideSolutionNode = FALSE
	EndGlobalSection
EndGlobal
