
Microsoft Visual Studio Solution File, Format Version 12.00
# Visual Studio for Mac
Project("{FAE04EC0-301F-11D3-BF4B-00C04F79EFBC}") = "Assembly-CSharp", "Assembly-CSharp.csproj", "{AC211613-FEBE-87ED-F5D7-18DBD046E1FD}"
EndProject
Global
	GlobalSection(SolutionConfigurationPlatforms) = preSolution
		Debug|Any CPU = Debug|Any CPU
		Release|Any CPU = Release|Any CPU
	EndGlobalSection
	GlobalSection(ProjectConfigurationPlatforms) = postSolution
		{AC211613-FEBE-87ED-F5D7-18DBD046E1FD}.Debug|Any CPU.ActiveCfg = Debug|Any CPU
		{AC211613-FEBE-87ED-F5D7-18DBD046E1FD}.Debug|Any CPU.Build.0 = Debug|Any CPU
		{AC211613-FEBE-87ED-F5D7-18DBD046E1FD}.Release|Any CPU.ActiveCfg = Release|Any CPU
		{AC211613-FEBE-87ED-F5D7-18DBD046E1FD}.Release|Any CPU.Build.0 = Release|Any CPU
	EndGlobalSection
	GlobalSection(SolutionProperties) = preSolution
		HideSolutionNode = FALSE
	EndGlobalSection
EndGlobal
