
Microsoft Visual Studio Solution File, Format Version 12.00
# Visual Studio for Mac
Project("{FAE04EC0-301F-11D3-BF4B-00C04F79EFBC}") = "Ink-Runtime", "Ink-Runtime.csproj", "{EC973FEC-E919-730D-A1F2-19F4A29CA679}"
EndProject
Project("{FAE04EC0-301F-11D3-BF4B-00C04F79EFBC}") = "Assembly-CSharp-firstpass", "Assembly-CSharp-firstpass.csproj", "{8B549903-20E1-8AD0-8736-A56AD147FABB}"
EndProject
Project("{FAE04EC0-301F-11D3-BF4B-00C04F79EFBC}") = "Assembly-CSharp-Editor-firstpass", "Assembly-CSharp-Editor-firstpass.csproj", "{8ED6DFAB-C444-54E1-E6D0-156D1C2A2A64}"
EndProject
Global
	GlobalSection(SolutionConfigurationPlatforms) = preSolution
		Debug|Any CPU = Debug|Any CPU
		Release|Any CPU = Release|Any CPU
	EndGlobalSection
	GlobalSection(ProjectConfigurationPlatforms) = postSolution
		{EC973FEC-E919-730D-A1F2-19F4A29CA679}.Debug|Any CPU.ActiveCfg = Debug|Any CPU
		{EC973FEC-E919-730D-A1F2-19F4A29CA679}.Debug|Any CPU.Build.0 = Debug|Any CPU
		{EC973FEC-E919-730D-A1F2-19F4A29CA679}.Release|Any CPU.ActiveCfg = Release|Any CPU
		{EC973FEC-E919-730D-A1F2-19F4A29CA679}.Release|Any CPU.Build.0 = Release|Any CPU
		{8B549903-20E1-8AD0-8736-A56AD147FABB}.Debug|Any CPU.ActiveCfg = Debug|Any CPU
		{8B549903-20E1-8AD0-8736-A56AD147FABB}.Debug|Any CPU.Build.0 = Debug|Any CPU
		{8B549903-20E1-8AD0-8736-A56AD147FABB}.Release|Any CPU.ActiveCfg = Release|Any CPU
		{8B549903-20E1-8AD0-8736-A56AD147FABB}.Release|Any CPU.Build.0 = Release|Any CPU
		{8ED6DFAB-C444-54E1-E6D0-156D1C2A2A64}.Debug|Any CPU.ActiveCfg = Debug|Any CPU
		{8ED6DFAB-C444-54E1-E6D0-156D1C2A2A64}.Debug|Any CPU.Build.0 = Debug|Any CPU
		{8ED6DFAB-C444-54E1-E6D0-156D1C2A2A64}.Release|Any CPU.ActiveCfg = Release|Any CPU
		{8ED6DFAB-C444-54E1-E6D0-156D1C2A2A64}.Release|Any CPU.Build.0 = Release|Any CPU
	EndGlobalSection
	GlobalSection(SolutionProperties) = preSolution
		HideSolutionNode = FALSE
	EndGlobalSection
EndGlobal
